
Microsoft Visual Studio Solution File, Format Version 12.00
Project("{FAE04EC0-301F-11D3-BF4B-00C04F79EFBC}") = "Checkers", "Checkers\Checkers.csproj", "{09A58740-A998-45DE-A343-AFFB3FAE8347}"
EndProject
Project("{FAE04EC0-301F-11D3-BF4B-00C04F79EFBC}") = "Tests", "Tests\Tests.csproj", "{401D1BEC-0A6B-4D1C-97D2-0C21689BCB8F}"
EndProject
Global
	GlobalSection(SolutionConfigurationPlatforms) = preSolution
		Debug|Any CPU = Debug|Any CPU
		Release|Any CPU = Release|Any CPU
	EndGlobalSection
	GlobalSection(ProjectConfigurationPlatforms) = postSolution
		{09A58740-A998-45DE-A343-AFFB3FAE8347}.Debug|Any CPU.ActiveCfg = Debug|Any CPU
		{09A58740-A998-45DE-A343-AFFB3FAE8347}.Debug|Any CPU.Build.0 = Debug|Any CPU
		{09A58740-A998-45DE-A343-AFFB3FAE8347}.Release|Any CPU.ActiveCfg = Release|Any CPU
		{09A58740-A998-45DE-A343-AFFB3FAE8347}.Release|Any CPU.Build.0 = Release|Any CPU
		{401D1BEC-0A6B-4D1C-97D2-0C21689BCB8F}.Debug|Any CPU.ActiveCfg = Debug|Any CPU
		{401D1BEC-0A6B-4D1C-97D2-0C21689BCB8F}.Debug|Any CPU.Build.0 = Debug|Any CPU
		{401D1BEC-0A6B-4D1C-97D2-0C21689BCB8F}.Release|Any CPU.ActiveCfg = Release|Any CPU
		{401D1BEC-0A6B-4D1C-97D2-0C21689BCB8F}.Release|Any CPU.Build.0 = Release|Any CPU
	EndGlobalSection
EndGlobal
